
Microsoft Visual Studio Solution File, Format Version 12.00
# Visual Studio Version 17
VisualStudioVersion = 17.14.36408.4
MinimumVisualStudioVersion = 10.0.40219.1
Project("{FAE04EC0-301F-11D3-BF4B-00C04F79EFBC}") = "AgentLab.Api", "AgentLab.Api\AgentLab.Api.csproj", "{C6E788F8-081A-4611-9DA9-939457BC5063}"
EndProject
Project("{FAE04EC0-301F-11D3-BF4B-00C04F79EFBC}") = "Client", "Client\Client.csproj", "{A23EE40B-1D7B-433C-8D95-BF5B3293D455}"
EndProject
Project("{FAE04EC0-301F-11D3-BF4B-00C04F79EFBC}") = "AgentLab.Contracts", "AgentLab.Contracts\AgentLab.Contracts.csproj", "{17062B64-0B5B-4F73-AF7D-0E285AE82065}"
EndProject
Global
	GlobalSection(SolutionConfigurationPlatforms) = preSolution
		Debug|Any CPU = Debug|Any CPU
		Release|Any CPU = Release|Any CPU
	EndGlobalSection
	GlobalSection(ProjectConfigurationPlatforms) = postSolution
		{C6E788F8-081A-4611-9DA9-939457BC5063}.Debug|Any CPU.ActiveCfg = Debug|Any CPU
		{C6E788F8-081A-4611-9DA9-939457BC5063}.Debug|Any CPU.Build.0 = Debug|Any CPU
		{C6E788F8-081A-4611-9DA9-939457BC5063}.Release|Any CPU.ActiveCfg = Release|Any CPU
		{C6E788F8-081A-4611-9DA9-939457BC5063}.Release|Any CPU.Build.0 = Release|Any CPU
		{A23EE40B-1D7B-433C-8D95-BF5B3293D455}.Debug|Any CPU.ActiveCfg = Debug|Any CPU
		{A23EE40B-1D7B-433C-8D95-BF5B3293D455}.Debug|Any CPU.Build.0 = Debug|Any CPU
		{A23EE40B-1D7B-433C-8D95-BF5B3293D455}.Release|Any CPU.ActiveCfg = Release|Any CPU
		{A23EE40B-1D7B-433C-8D95-BF5B3293D455}.Release|Any CPU.Build.0 = Release|Any CPU
		{17062B64-0B5B-4F73-AF7D-0E285AE82065}.Debug|Any CPU.ActiveCfg = Debug|Any CPU
		{17062B64-0B5B-4F73-AF7D-0E285AE82065}.Debug|Any CPU.Build.0 = Debug|Any CPU
		{17062B64-0B5B-4F73-AF7D-0E285AE82065}.Release|Any CPU.ActiveCfg = Release|Any CPU
		{17062B64-0B5B-4F73-AF7D-0E285AE82065}.Release|Any CPU.Build.0 = Release|Any CPU
	EndGlobalSection
	GlobalSection(SolutionProperties) = preSolution
		HideSolutionNode = FALSE
	EndGlobalSection
	GlobalSection(ExtensibilityGlobals) = postSolution
		SolutionGuid = {A81830C1-252B-4392-A771-25435ED71CF3}
	EndGlobalSection
EndGlobal
